
Microsoft Visual Studio Solution File, Format Version 12.00
# Visual Studio Version 16
VisualStudioVersion = 16.0.31205.134
MinimumVisualStudioVersion = 10.0.40219.1
Project("{9A19103F-16F7-4668-BE54-9A1E7A4F7556}") = "Hotel.Domain", "Template.Domain\Hotel.Domain.csproj", "{786D756E-B53C-4117-B4E6-6241256C522E}"
EndProject
Project("{9A19103F-16F7-4668-BE54-9A1E7A4F7556}") = "MicroservicioHotel.API", "Template.API\MicroservicioHotel.API.csproj", "{04EE6AE6-A851-4642-9F20-9858E31CB340}"
EndProject
Project("{9A19103F-16F7-4668-BE54-9A1E7A4F7556}") = "MicroservicioHotel.Application", "Template.Application\MicroservicioHotel.Application.csproj", "{578982B0-865C-4F7D-B2FE-FEDA91C21F05}"
EndProject
Project("{9A19103F-16F7-4668-BE54-9A1E7A4F7556}") = "MicroservicioHotel.Domain", "Template.Domain\MicroservicioHotel.Domain.csproj", "{A245A686-0E6C-4A0E-ABAD-75697A632F46}"
EndProject
Project("{9A19103F-16F7-4668-BE54-9A1E7A4F7556}") = "MicroservicioHotel.AccessData", "Template.AccessData\MicroservicioHotel.AccessData.csproj", "{182AC620-0FEA-45DB-BD07-F07F1931F492}"
EndProject
Global
	GlobalSection(SolutionConfigurationPlatforms) = preSolution
		Debug|Any CPU = Debug|Any CPU
		Release|Any CPU = Release|Any CPU
	EndGlobalSection
	GlobalSection(ProjectConfigurationPlatforms) = postSolution
		{786D756E-B53C-4117-B4E6-6241256C522E}.Debug|Any CPU.ActiveCfg = Debug|Any CPU
		{786D756E-B53C-4117-B4E6-6241256C522E}.Debug|Any CPU.Build.0 = Debug|Any CPU
		{786D756E-B53C-4117-B4E6-6241256C522E}.Release|Any CPU.ActiveCfg = Release|Any CPU
		{786D756E-B53C-4117-B4E6-6241256C522E}.Release|Any CPU.Build.0 = Release|Any CPU
		{04EE6AE6-A851-4642-9F20-9858E31CB340}.Debug|Any CPU.ActiveCfg = Debug|Any CPU
		{04EE6AE6-A851-4642-9F20-9858E31CB340}.Debug|Any CPU.Build.0 = Debug|Any CPU
		{04EE6AE6-A851-4642-9F20-9858E31CB340}.Release|Any CPU.ActiveCfg = Release|Any CPU
		{04EE6AE6-A851-4642-9F20-9858E31CB340}.Release|Any CPU.Build.0 = Release|Any CPU
		{578982B0-865C-4F7D-B2FE-FEDA91C21F05}.Debug|Any CPU.ActiveCfg = Debug|Any CPU
		{578982B0-865C-4F7D-B2FE-FEDA91C21F05}.Debug|Any CPU.Build.0 = Debug|Any CPU
		{578982B0-865C-4F7D-B2FE-FEDA91C21F05}.Release|Any CPU.ActiveCfg = Release|Any CPU
		{578982B0-865C-4F7D-B2FE-FEDA91C21F05}.Release|Any CPU.Build.0 = Release|Any CPU
		{A245A686-0E6C-4A0E-ABAD-75697A632F46}.Debug|Any CPU.ActiveCfg = Debug|Any CPU
		{A245A686-0E6C-4A0E-ABAD-75697A632F46}.Debug|Any CPU.Build.0 = Debug|Any CPU
		{A245A686-0E6C-4A0E-ABAD-75697A632F46}.Release|Any CPU.ActiveCfg = Release|Any CPU
		{A245A686-0E6C-4A0E-ABAD-75697A632F46}.Release|Any CPU.Build.0 = Release|Any CPU
		{182AC620-0FEA-45DB-BD07-F07F1931F492}.Debug|Any CPU.ActiveCfg = Debug|Any CPU
		{182AC620-0FEA-45DB-BD07-F07F1931F492}.Debug|Any CPU.Build.0 = Debug|Any CPU
		{182AC620-0FEA-45DB-BD07-F07F1931F492}.Release|Any CPU.ActiveCfg = Release|Any CPU
		{182AC620-0FEA-45DB-BD07-F07F1931F492}.Release|Any CPU.Build.0 = Release|Any CPU
	EndGlobalSection
	GlobalSection(SolutionProperties) = preSolution
		HideSolutionNode = FALSE
	EndGlobalSection
	GlobalSection(ExtensibilityGlobals) = postSolution
		SolutionGuid = {B64C73D4-4B1F-45A9-912B-8A13F0D12AFC}
	EndGlobalSection
EndGlobal
